
Microsoft Visual Studio Solution File, Format Version 12.00
# Visual Studio 15
VisualStudioVersion = 15.0.27703.2042
MinimumVisualStudioVersion = 10.0.40219.1
Project("{9A19103F-16F7-4668-BE54-9A1E7A4F7556}") = "WatchShop.Web", "WatchShop.Web\WatchShop.Web.csproj", "{6148EC01-E46E-4A05-98E7-A62FB5B3B107}"
EndProject
Project("{9A19103F-16F7-4668-BE54-9A1E7A4F7556}") = "WatchShop.Data", "WatchShop.Data\WatchShop.Data.csproj", "{45BCF93F-BF2F-4A87-B02F-AC8022CCC516}"
EndProject
Project("{9A19103F-16F7-4668-BE54-9A1E7A4F7556}") = "WatchShop.Models", "WatchShop.Models\WatchShop.Models.csproj", "{A0706245-FBFE-476B-BC8C-EF4F54E605A6}"
EndProject
Project("{FAE04EC0-301F-11D3-BF4B-00C04F79EFBC}") = "WatchShop.Services", "WatchShop.Services\WatchShop.Services.csproj", "{E20E8D4A-74BD-4492-8810-5A9453F23DAA}"
EndProject
Global
	GlobalSection(SolutionConfigurationPlatforms) = preSolution
		Debug|Any CPU = Debug|Any CPU
		Release|Any CPU = Release|Any CPU
	EndGlobalSection
	GlobalSection(ProjectConfigurationPlatforms) = postSolution
		{6148EC01-E46E-4A05-98E7-A62FB5B3B107}.Debug|Any CPU.ActiveCfg = Debug|Any CPU
		{6148EC01-E46E-4A05-98E7-A62FB5B3B107}.Debug|Any CPU.Build.0 = Debug|Any CPU
		{6148EC01-E46E-4A05-98E7-A62FB5B3B107}.Release|Any CPU.ActiveCfg = Release|Any CPU
		{6148EC01-E46E-4A05-98E7-A62FB5B3B107}.Release|Any CPU.Build.0 = Release|Any CPU
		{45BCF93F-BF2F-4A87-B02F-AC8022CCC516}.Debug|Any CPU.ActiveCfg = Debug|Any CPU
		{45BCF93F-BF2F-4A87-B02F-AC8022CCC516}.Debug|Any CPU.Build.0 = Debug|Any CPU
		{45BCF93F-BF2F-4A87-B02F-AC8022CCC516}.Release|Any CPU.ActiveCfg = Release|Any CPU
		{45BCF93F-BF2F-4A87-B02F-AC8022CCC516}.Release|Any CPU.Build.0 = Release|Any CPU
		{A0706245-FBFE-476B-BC8C-EF4F54E605A6}.Debug|Any CPU.ActiveCfg = Debug|Any CPU
		{A0706245-FBFE-476B-BC8C-EF4F54E605A6}.Debug|Any CPU.Build.0 = Debug|Any CPU
		{A0706245-FBFE-476B-BC8C-EF4F54E605A6}.Release|Any CPU.ActiveCfg = Release|Any CPU
		{A0706245-FBFE-476B-BC8C-EF4F54E605A6}.Release|Any CPU.Build.0 = Release|Any CPU
		{E20E8D4A-74BD-4492-8810-5A9453F23DAA}.Debug|Any CPU.ActiveCfg = Debug|Any CPU
		{E20E8D4A-74BD-4492-8810-5A9453F23DAA}.Debug|Any CPU.Build.0 = Debug|Any CPU
		{E20E8D4A-74BD-4492-8810-5A9453F23DAA}.Release|Any CPU.ActiveCfg = Release|Any CPU
		{E20E8D4A-74BD-4492-8810-5A9453F23DAA}.Release|Any CPU.Build.0 = Release|Any CPU
	EndGlobalSection
	GlobalSection(SolutionProperties) = preSolution
		HideSolutionNode = FALSE
	EndGlobalSection
	GlobalSection(ExtensibilityGlobals) = postSolution
		SolutionGuid = {4F5CB17A-B3F7-4AD1-8226-7DC5DB2DD040}
	EndGlobalSection
EndGlobal
